
Microsoft Visual Studio Solution File, Format Version 12.00
# Visual Studio Version 17
VisualStudioVersion = 17.4.33103.184
MinimumVisualStudioVersion = 10.0.40219.1
Project("{FAE04EC0-301F-11D3-BF4B-00C04F79EFBC}") = "ejercicio5.17", "ejercicio5.17\ejercicio5.17.csproj", "{CF770CA7-C56F-402C-A2CB-F158892C4A9C}"
EndProject
Global
	GlobalSection(SolutionConfigurationPlatforms) = preSolution
		Debug|Any CPU = Debug|Any CPU
		Release|Any CPU = Release|Any CPU
	EndGlobalSection
	GlobalSection(ProjectConfigurationPlatforms) = postSolution
		{CF770CA7-C56F-402C-A2CB-F158892C4A9C}.Debug|Any CPU.ActiveCfg = Debug|Any CPU
		{CF770CA7-C56F-402C-A2CB-F158892C4A9C}.Debug|Any CPU.Build.0 = Debug|Any CPU
		{CF770CA7-C56F-402C-A2CB-F158892C4A9C}.Release|Any CPU.ActiveCfg = Release|Any CPU
		{CF770CA7-C56F-402C-A2CB-F158892C4A9C}.Release|Any CPU.Build.0 = Release|Any CPU
	EndGlobalSection
	GlobalSection(SolutionProperties) = preSolution
		HideSolutionNode = FALSE
	EndGlobalSection
	GlobalSection(ExtensibilityGlobals) = postSolution
		SolutionGuid = {035DD176-1307-419B-862C-8DC51B7ABCF0}
	EndGlobalSection
EndGlobal
